
Microsoft Visual Studio Solution File, Format Version 12.00
# Visual Studio 2013
VisualStudioVersion = 12.0.31101.0
MinimumVisualStudioVersion = 10.0.40219.1
Project("{2150E333-8FDC-42A3-9474-1A3956D46DE8}") = "Engine", "Engine", "{4379C427-0004-4010-A611-E4C38A663DBC}"
EndProject
Project("{2150E333-8FDC-42A3-9474-1A3956D46DE8}") = "Games", "Games", "{61CC2E9F-F6EE-4D8F-8A9D-912B42ED04AD}"
EndProject
Project("{8BC9CEB8-8B4A-11D0-8D11-00A0C91BC942}") = "Game", "Intermediate\ProjectFiles\Game.vcxproj", "{924E8EA6-EDA5-49DC-B428-0404541A8E94}"
EndProject
Project("{8BC9CEB8-8B4A-11D0-8D11-00A0C91BC942}") = "UE4", "Intermediate\ProjectFiles\UE4.vcxproj", "{DF2EF326-C9EC-46AE-8323-D4437E850430}"
EndProject
Global
	GlobalSection(SolutionConfigurationPlatforms) = preSolution
		DebugGame Editor|Win32 = DebugGame Editor|Win32
		DebugGame Editor|Win64 = DebugGame Editor|Win64
		DebugGame|Win32 = DebugGame|Win32
		DebugGame|Win64 = DebugGame|Win64
		Development Editor|Win32 = Development Editor|Win32
		Development Editor|Win64 = Development Editor|Win64
		Development|Win32 = Development|Win32
		Development|Win64 = Development|Win64
		Shipping|Win32 = Shipping|Win32
		Shipping|Win64 = Shipping|Win64
	EndGlobalSection
	GlobalSection(ProjectConfigurationPlatforms) = postSolution
		{924E8EA6-EDA5-49DC-B428-0404541A8E94}.DebugGame Editor|Win32.ActiveCfg = DebugGame_Editor|Win32
		{924E8EA6-EDA5-49DC-B428-0404541A8E94}.DebugGame Editor|Win32.Build.0 = DebugGame_Editor|Win32
		{924E8EA6-EDA5-49DC-B428-0404541A8E94}.DebugGame Editor|Win64.ActiveCfg = DebugGame_Editor|x64
		{924E8EA6-EDA5-49DC-B428-0404541A8E94}.DebugGame Editor|Win64.Build.0 = DebugGame_Editor|x64
		{924E8EA6-EDA5-49DC-B428-0404541A8E94}.DebugGame|Win32.ActiveCfg = DebugGame_Game|Win32
		{924E8EA6-EDA5-49DC-B428-0404541A8E94}.DebugGame|Win32.Build.0 = DebugGame_Game|Win32
		{924E8EA6-EDA5-49DC-B428-0404541A8E94}.DebugGame|Win64.ActiveCfg = DebugGame_Game|x64
		{924E8EA6-EDA5-49DC-B428-0404541A8E94}.DebugGame|Win64.Build.0 = DebugGame_Game|x64
		{924E8EA6-EDA5-49DC-B428-0404541A8E94}.Development Editor|Win32.ActiveCfg = Development_Editor|Win32
		{924E8EA6-EDA5-49DC-B428-0404541A8E94}.Development Editor|Win32.Build.0 = Development_Editor|Win32
		{924E8EA6-EDA5-49DC-B428-0404541A8E94}.Development Editor|Win64.ActiveCfg = Development_Editor|x64
		{924E8EA6-EDA5-49DC-B428-0404541A8E94}.Development Editor|Win64.Build.0 = Development_Editor|x64
		{924E8EA6-EDA5-49DC-B428-0404541A8E94}.Development|Win32.ActiveCfg = Development_Game|Win32
		{924E8EA6-EDA5-49DC-B428-0404541A8E94}.Development|Win32.Build.0 = Development_Game|Win32
		{924E8EA6-EDA5-49DC-B428-0404541A8E94}.Development|Win64.ActiveCfg = Development_Game|x64
		{924E8EA6-EDA5-49DC-B428-0404541A8E94}.Development|Win64.Build.0 = Development_Game|x64
		{924E8EA6-EDA5-49DC-B428-0404541A8E94}.Shipping|Win32.ActiveCfg = Shipping_Game|Win32
		{924E8EA6-EDA5-49DC-B428-0404541A8E94}.Shipping|Win32.Build.0 = Shipping_Game|Win32
		{924E8EA6-EDA5-49DC-B428-0404541A8E94}.Shipping|Win64.ActiveCfg = Shipping_Game|x64
		{924E8EA6-EDA5-49DC-B428-0404541A8E94}.Shipping|Win64.Build.0 = Shipping_Game|x64
		{DF2EF326-C9EC-46AE-8323-D4437E850430}.DebugGame Editor|Win32.ActiveCfg = BuiltWithUnrealBuildTool|Win32
		{DF2EF326-C9EC-46AE-8323-D4437E850430}.DebugGame Editor|Win32.Build.0 = BuiltWithUnrealBuildTool|Win32
		{DF2EF326-C9EC-46AE-8323-D4437E850430}.DebugGame Editor|Win64.ActiveCfg = BuiltWithUnrealBuildTool|Win32
		{DF2EF326-C9EC-46AE-8323-D4437E850430}.DebugGame|Win32.ActiveCfg = BuiltWithUnrealBuildTool|Win32
		{DF2EF326-C9EC-46AE-8323-D4437E850430}.DebugGame|Win32.Build.0 = BuiltWithUnrealBuildTool|Win32
		{DF2EF326-C9EC-46AE-8323-D4437E850430}.DebugGame|Win64.ActiveCfg = BuiltWithUnrealBuildTool|Win32
		{DF2EF326-C9EC-46AE-8323-D4437E850430}.Development Editor|Win32.ActiveCfg = BuiltWithUnrealBuildTool|Win32
		{DF2EF326-C9EC-46AE-8323-D4437E850430}.Development Editor|Win32.Build.0 = BuiltWithUnrealBuildTool|Win32
		{DF2EF326-C9EC-46AE-8323-D4437E850430}.Development Editor|Win64.ActiveCfg = BuiltWithUnrealBuildTool|Win32
		{DF2EF326-C9EC-46AE-8323-D4437E850430}.Development|Win32.ActiveCfg = BuiltWithUnrealBuildTool|Win32
		{DF2EF326-C9EC-46AE-8323-D4437E850430}.Development|Win32.Build.0 = BuiltWithUnrealBuildTool|Win32
		{DF2EF326-C9EC-46AE-8323-D4437E850430}.Development|Win64.ActiveCfg = BuiltWithUnrealBuildTool|Win32
		{DF2EF326-C9EC-46AE-8323-D4437E850430}.Shipping|Win32.ActiveCfg = BuiltWithUnrealBuildTool|Win32
		{DF2EF326-C9EC-46AE-8323-D4437E850430}.Shipping|Win32.Build.0 = BuiltWithUnrealBuildTool|Win32
		{DF2EF326-C9EC-46AE-8323-D4437E850430}.Shipping|Win64.ActiveCfg = BuiltWithUnrealBuildTool|Win32
	EndGlobalSection
	GlobalSection(SolutionProperties) = preSolution
		HideSolutionNode = FALSE
	EndGlobalSection
	GlobalSection(NestedProjects) = preSolution
		{924E8EA6-EDA5-49DC-B428-0404541A8E94} = {61CC2E9F-F6EE-4D8F-8A9D-912B42ED04AD}
		{DF2EF326-C9EC-46AE-8323-D4437E850430} = {4379C427-0004-4010-A611-E4C38A663DBC}
	EndGlobalSection
EndGlobal
